
Microsoft Visual Studio Solution File, Format Version 12.00
# Visual Studio Version 16
VisualStudioVersion = 16.0.29009.5
MinimumVisualStudioVersion = 10.0.40219.1
Project("{FAE04EC0-301F-11D3-BF4B-00C04F79EFBC}") = "ExamEmmanuel", "ExamEmmanuel\ExamEmmanuel.csproj", "{BF9666E3-0DB3-4AF8-98F1-FA54D8BBD342}"
EndProject
Global
	GlobalSection(SolutionConfigurationPlatforms) = preSolution
		Debug|Any CPU = Debug|Any CPU
		Release|Any CPU = Release|Any CPU
	EndGlobalSection
	GlobalSection(ProjectConfigurationPlatforms) = postSolution
		{BF9666E3-0DB3-4AF8-98F1-FA54D8BBD342}.Debug|Any CPU.ActiveCfg = Debug|Any CPU
		{BF9666E3-0DB3-4AF8-98F1-FA54D8BBD342}.Debug|Any CPU.Build.0 = Debug|Any CPU
		{BF9666E3-0DB3-4AF8-98F1-FA54D8BBD342}.Release|Any CPU.ActiveCfg = Release|Any CPU
		{BF9666E3-0DB3-4AF8-98F1-FA54D8BBD342}.Release|Any CPU.Build.0 = Release|Any CPU
	EndGlobalSection
	GlobalSection(SolutionProperties) = preSolution
		HideSolutionNode = FALSE
	EndGlobalSection
	GlobalSection(ExtensibilityGlobals) = postSolution
		SolutionGuid = {83A77C84-ABDF-42E1-95A8-03D34A60654C}
	EndGlobalSection
EndGlobal
